Microsoft Visual Studio Solution File, Format Version 12.00
# Visual Studio 2012
Project("{910862C3-F1DC-FEE1-28EE-8EEC92E7508F}") = "Game-Project", "Assembly-CSharp.csproj", "{21589D50-75A4-7BD5-9047-D39364578CED}"
EndProject
Project("{910862C3-F1DC-FEE1-28EE-8EEC92E7508F}") = "Game-Project", "Assembly-CSharp-Editor-firstpass.csproj", "{D7BA59F7-B51C-013C-AB37-EF58642E3DC3}"
EndProject
Global
	GlobalSection(SolutionConfigurationPlatforms) = preSolution
		Debug|Any CPU = Debug|Any CPU
		Release|Any CPU = Release|Any CPU
	EndGlobalSection
	GlobalSection(ProjectConfigurationPlatforms) = postSolution
		{21589D50-75A4-7BD5-9047-D39364578CED}.Debug|Any CPU.ActiveCfg = Debug|Any CPU
		{21589D50-75A4-7BD5-9047-D39364578CED}.Debug|Any CPU.Build.0 = Debug|Any CPU
		{21589D50-75A4-7BD5-9047-D39364578CED}.Release|Any CPU.ActiveCfg = Release|Any CPU
		{21589D50-75A4-7BD5-9047-D39364578CED}.Release|Any CPU.Build.0 = Release|Any CPU
		{D7BA59F7-B51C-013C-AB37-EF58642E3DC3}.Debug|Any CPU.ActiveCfg = Debug|Any CPU
		{D7BA59F7-B51C-013C-AB37-EF58642E3DC3}.Debug|Any CPU.Build.0 = Debug|Any CPU
		{D7BA59F7-B51C-013C-AB37-EF58642E3DC3}.Release|Any CPU.ActiveCfg = Release|Any CPU
		{D7BA59F7-B51C-013C-AB37-EF58642E3DC3}.Release|Any CPU.Build.0 = Release|Any CPU
	EndGlobalSection
	GlobalSection(MonoDevelopProperties) = preSolution
		StartupItem = Assembly-CSharp.csproj
	EndGlobalSection
EndGlobal
